
Microsoft Visual Studio Solution File, Format Version 12.00
# Visual Studio 14
VisualStudioVersion = 14.0.25123.0
MinimumVisualStudioVersion = 10.0.40219.1
Project("{FAE04EC0-301F-11D3-BF4B-00C04F79EFBC}") = "KCad", "KCad\KCad.csproj", "{783CAD2C-1BF4-495A-817F-18FADFE16C44}"
EndProject
Project("{FAE04EC0-301F-11D3-BF4B-00C04F79EFBC}") = "KCadTests", "KCadTests\KCadTests.csproj", "{0F2F397C-075B-489A-8CFC-494B6B4E9A9E}"
EndProject
Global
	GlobalSection(SolutionConfigurationPlatforms) = preSolution
		Debug|Any CPU = Debug|Any CPU
		Release|Any CPU = Release|Any CPU
	EndGlobalSection
	GlobalSection(ProjectConfigurationPlatforms) = postSolution
		{783CAD2C-1BF4-495A-817F-18FADFE16C44}.Debug|Any CPU.ActiveCfg = Debug|Any CPU
		{783CAD2C-1BF4-495A-817F-18FADFE16C44}.Debug|Any CPU.Build.0 = Debug|Any CPU
		{783CAD2C-1BF4-495A-817F-18FADFE16C44}.Release|Any CPU.ActiveCfg = Release|Any CPU
		{783CAD2C-1BF4-495A-817F-18FADFE16C44}.Release|Any CPU.Build.0 = Release|Any CPU
		{0F2F397C-075B-489A-8CFC-494B6B4E9A9E}.Debug|Any CPU.ActiveCfg = Debug|Any CPU
		{0F2F397C-075B-489A-8CFC-494B6B4E9A9E}.Debug|Any CPU.Build.0 = Debug|Any CPU
		{0F2F397C-075B-489A-8CFC-494B6B4E9A9E}.Release|Any CPU.ActiveCfg = Release|Any CPU
		{0F2F397C-075B-489A-8CFC-494B6B4E9A9E}.Release|Any CPU.Build.0 = Release|Any CPU
	EndGlobalSection
	GlobalSection(SolutionProperties) = preSolution
		HideSolutionNode = FALSE
	EndGlobalSection
EndGlobal
