
Microsoft Visual Studio Solution File, Format Version 12.00
# Visual Studio 15
VisualStudioVersion = 15.0.27130.2036
MinimumVisualStudioVersion = 10.0.40219.1
Project("{FAE04EC0-301F-11D3-BF4B-00C04F79EFBC}") = "KCad", "KCad\KCad.csproj", "{783CAD2C-1BF4-495A-817F-18FADFE16C44}"
EndProject
Project("{FAE04EC0-301F-11D3-BF4B-00C04F79EFBC}") = "TestApp01", "TestApp01\TestApp01.csproj", "{47B48FD0-86F1-4ACA-9739-A29BA11F0CFD}"
EndProject
Project("{FAE04EC0-301F-11D3-BF4B-00C04F79EFBC}") = "TestApp02", "TestApp02\TestApp02.csproj", "{2FD60B80-977F-48C5-AEF3-A587E8B45B95}"
EndProject
Project("{FAE04EC0-301F-11D3-BF4B-00C04F79EFBC}") = "CadDataTypes", "CadDataTypes\CadDataTypes.csproj", "{DBBDF7F8-D9EA-4B9F-8948-3772FE0F0D3E}"
EndProject
Project("{8BC9CEB8-8B4A-11D0-8D11-00A0C91BC942}") = "GeoLibWrapper", "GeoLibWrapper\GeoLibWrapper.vcxproj", "{F2C011B3-B823-419C-B4C5-D23022E9A706}"
EndProject
Global
	GlobalSection(SolutionConfigurationPlatforms) = preSolution
		Debug|Any CPU = Debug|Any CPU
		Debug|x64 = Debug|x64
		Debug|x86 = Debug|x86
		Release|Any CPU = Release|Any CPU
		Release|x64 = Release|x64
		Release|x86 = Release|x86
	EndGlobalSection
	GlobalSection(ProjectConfigurationPlatforms) = postSolution
		{783CAD2C-1BF4-495A-817F-18FADFE16C44}.Debug|Any CPU.ActiveCfg = Debug|Any CPU
		{783CAD2C-1BF4-495A-817F-18FADFE16C44}.Debug|x64.ActiveCfg = Debug|x64
		{783CAD2C-1BF4-495A-817F-18FADFE16C44}.Debug|x64.Build.0 = Debug|x64
		{783CAD2C-1BF4-495A-817F-18FADFE16C44}.Debug|x86.ActiveCfg = Debug|x86
		{783CAD2C-1BF4-495A-817F-18FADFE16C44}.Debug|x86.Build.0 = Debug|x86
		{783CAD2C-1BF4-495A-817F-18FADFE16C44}.Release|Any CPU.ActiveCfg = Release|Any CPU
		{783CAD2C-1BF4-495A-817F-18FADFE16C44}.Release|x64.ActiveCfg = Debug|x64
		{783CAD2C-1BF4-495A-817F-18FADFE16C44}.Release|x64.Build.0 = Debug|x64
		{783CAD2C-1BF4-495A-817F-18FADFE16C44}.Release|x86.ActiveCfg = Release|x86
		{783CAD2C-1BF4-495A-817F-18FADFE16C44}.Release|x86.Build.0 = Release|x86
		{47B48FD0-86F1-4ACA-9739-A29BA11F0CFD}.Debug|Any CPU.ActiveCfg = Debug|Any CPU
		{47B48FD0-86F1-4ACA-9739-A29BA11F0CFD}.Debug|x64.ActiveCfg = Debug|x64
		{47B48FD0-86F1-4ACA-9739-A29BA11F0CFD}.Debug|x64.Build.0 = Debug|x64
		{47B48FD0-86F1-4ACA-9739-A29BA11F0CFD}.Debug|x86.ActiveCfg = Debug|x86
		{47B48FD0-86F1-4ACA-9739-A29BA11F0CFD}.Debug|x86.Build.0 = Debug|x86
		{47B48FD0-86F1-4ACA-9739-A29BA11F0CFD}.Release|Any CPU.ActiveCfg = Release|Any CPU
		{47B48FD0-86F1-4ACA-9739-A29BA11F0CFD}.Release|x64.ActiveCfg = Debug|x64
		{47B48FD0-86F1-4ACA-9739-A29BA11F0CFD}.Release|x64.Build.0 = Debug|x64
		{47B48FD0-86F1-4ACA-9739-A29BA11F0CFD}.Release|x86.ActiveCfg = Release|x86
		{47B48FD0-86F1-4ACA-9739-A29BA11F0CFD}.Release|x86.Build.0 = Release|x86
		{2FD60B80-977F-48C5-AEF3-A587E8B45B95}.Debug|Any CPU.ActiveCfg = Debug|Any CPU
		{2FD60B80-977F-48C5-AEF3-A587E8B45B95}.Debug|Any CPU.Build.0 = Debug|Any CPU
		{2FD60B80-977F-48C5-AEF3-A587E8B45B95}.Debug|x64.ActiveCfg = Debug|x64
		{2FD60B80-977F-48C5-AEF3-A587E8B45B95}.Debug|x64.Build.0 = Debug|x64
		{2FD60B80-977F-48C5-AEF3-A587E8B45B95}.Debug|x86.ActiveCfg = Debug|x86
		{2FD60B80-977F-48C5-AEF3-A587E8B45B95}.Debug|x86.Build.0 = Debug|x86
		{2FD60B80-977F-48C5-AEF3-A587E8B45B95}.Release|Any CPU.ActiveCfg = Release|Any CPU
		{2FD60B80-977F-48C5-AEF3-A587E8B45B95}.Release|x64.ActiveCfg = Debug|x64
		{2FD60B80-977F-48C5-AEF3-A587E8B45B95}.Release|x64.Build.0 = Debug|x64
		{2FD60B80-977F-48C5-AEF3-A587E8B45B95}.Release|x86.ActiveCfg = Release|x86
		{2FD60B80-977F-48C5-AEF3-A587E8B45B95}.Release|x86.Build.0 = Release|x86
		{DBBDF7F8-D9EA-4B9F-8948-3772FE0F0D3E}.Debug|Any CPU.ActiveCfg = Debug|Any CPU
		{DBBDF7F8-D9EA-4B9F-8948-3772FE0F0D3E}.Debug|x64.ActiveCfg = Debug|x64
		{DBBDF7F8-D9EA-4B9F-8948-3772FE0F0D3E}.Debug|x64.Build.0 = Debug|x64
		{DBBDF7F8-D9EA-4B9F-8948-3772FE0F0D3E}.Debug|x86.ActiveCfg = Debug|x86
		{DBBDF7F8-D9EA-4B9F-8948-3772FE0F0D3E}.Debug|x86.Build.0 = Debug|x86
		{DBBDF7F8-D9EA-4B9F-8948-3772FE0F0D3E}.Release|Any CPU.ActiveCfg = Release|Any CPU
		{DBBDF7F8-D9EA-4B9F-8948-3772FE0F0D3E}.Release|x64.ActiveCfg = Debug|x64
		{DBBDF7F8-D9EA-4B9F-8948-3772FE0F0D3E}.Release|x64.Build.0 = Debug|x64
		{DBBDF7F8-D9EA-4B9F-8948-3772FE0F0D3E}.Release|x86.ActiveCfg = Release|x86
		{DBBDF7F8-D9EA-4B9F-8948-3772FE0F0D3E}.Release|x86.Build.0 = Release|x86
		{F2C011B3-B823-419C-B4C5-D23022E9A706}.Debug|Any CPU.ActiveCfg = Debug|Win32
		{F2C011B3-B823-419C-B4C5-D23022E9A706}.Debug|x64.ActiveCfg = Debug|x64
		{F2C011B3-B823-419C-B4C5-D23022E9A706}.Debug|x64.Build.0 = Debug|x64
		{F2C011B3-B823-419C-B4C5-D23022E9A706}.Debug|x86.ActiveCfg = Debug|Win32
		{F2C011B3-B823-419C-B4C5-D23022E9A706}.Debug|x86.Build.0 = Debug|Win32
		{F2C011B3-B823-419C-B4C5-D23022E9A706}.Release|Any CPU.ActiveCfg = Release|Win32
		{F2C011B3-B823-419C-B4C5-D23022E9A706}.Release|x64.ActiveCfg = Release|x64
		{F2C011B3-B823-419C-B4C5-D23022E9A706}.Release|x64.Build.0 = Release|x64
		{F2C011B3-B823-419C-B4C5-D23022E9A706}.Release|x86.ActiveCfg = Release|Win32
		{F2C011B3-B823-419C-B4C5-D23022E9A706}.Release|x86.Build.0 = Release|Win32
	EndGlobalSection
	GlobalSection(SolutionProperties) = preSolution
		HideSolutionNode = FALSE
	EndGlobalSection
	GlobalSection(ExtensibilityGlobals) = postSolution
		SolutionGuid = {AFDE9A19-987D-415A-8323-65B56FA63594}
	EndGlobalSection
EndGlobal
